
Microsoft Visual Studio Solution File, Format Version 12.00
# Visual Studio Version 16
VisualStudioVersion = 16.0.29709.97
MinimumVisualStudioVersion = 10.0.40219.1
Project("{FAE04EC0-301F-11D3-BF4B-00C04F79EFBC}") = "Play with forms", "Play with forms.csproj", "{1C598F89-3066-4AD1-8A1B-354BFCFD8693}"
EndProject
Global
	GlobalSection(SolutionConfigurationPlatforms) = preSolution
		Debug|Any CPU = Debug|Any CPU
		Release|Any CPU = Release|Any CPU
	EndGlobalSection
	GlobalSection(ProjectConfigurationPlatforms) = postSolution
		{1C598F89-3066-4AD1-8A1B-354BFCFD8693}.Debug|Any CPU.ActiveCfg = Debug|Any CPU
		{1C598F89-3066-4AD1-8A1B-354BFCFD8693}.Debug|Any CPU.Build.0 = Debug|Any CPU
		{1C598F89-3066-4AD1-8A1B-354BFCFD8693}.Release|Any CPU.ActiveCfg = Release|Any CPU
		{1C598F89-3066-4AD1-8A1B-354BFCFD8693}.Release|Any CPU.Build.0 = Release|Any CPU
	EndGlobalSection
	GlobalSection(SolutionProperties) = preSolution
		HideSolutionNode = FALSE
	EndGlobalSection
	GlobalSection(ExtensibilityGlobals) = postSolution
		SolutionGuid = {2B025DCB-2FAA-47BB-B206-63331C9C4109}
	EndGlobalSection
EndGlobal
